// !$*UTF8*$!
{
	archiveVersion = 1;
	classes = {
	};
	objectVersion = 50;
	objects = {

/* Begin PBXBuildFile section */
		894C10AD2387937200C5E4AA /* AppDelegate.swift in Sources */ = {isa = PBXBuildFile; fileRef = 894C10AC2387937200C5E4AA /* AppDelegate.swift */; };
		894C10AF2387937200C5E4AA /* SceneDelegate.swift in Sources */ = {isa = PBXBuildFile; fileRef = 894C10AE2387937200C5E4AA /* SceneDelegate.swift */; };
		894C10B12387937200C5E4AA /* ViewController.swift in Sources */ = {isa = PBXBuildFile; fileRef = 894C10B02387937200C5E4AA /* ViewController.swift */; };
		894C10B42387937200C5E4AA /* Main.storyboard in Resources */ = {isa = PBXBuildFile; fileRef = 894C10B22387937200C5E4AA /* Main.storyboard */; };
		894C10B62387937400C5E4AA /* Assets.xcassets in Resources */ = {isa = PBXBuildFile; fileRef = 894C10B52387937400C5E4AA /* Assets.xcassets */; };
		894C10B92387937400C5E4AA /* LaunchScreen.storyboard in Resources */ = {isa = PBXBuildFile; fileRef = 894C10B72387937400C5E4AA /* LaunchScreen.storyboard */; };
/* End PBXBuildFile section */

/* Begin PBXFileReference section */
		10E4F13CA105C235D0947B4B /* Base.xcconfig */ = {isa = PBXFileReference; explicitFileType = text.xcconfig; lastKnownFileType = text.xcconfig; name = Base.xcconfig; path = configs/Base.xcconfig; sourceTree = "<absolute>"; };
		894C10A92387937200C5E4AA /* XcodeGenPractice.app */ = {isa = PBXFileReference; explicitFileType = wrapper.application; includeInIndex = 0; path = XcodeGenPractice.app; sourceTree = BUILT_PRODUCTS_DIR; };
		894C10AC2387937200C5E4AA /* AppDelegate.swift */ = {isa = PBXFileReference; lastKnownFileType = sourcecode.swift; path = AppDelegate.swift; sourceTree = "<group>"; };
		894C10AE2387937200C5E4AA /* SceneDelegate.swift */ = {isa = PBXFileReference; lastKnownFileType = sourcecode.swift; path = SceneDelegate.swift; sourceTree = "<group>"; };
		894C10B02387937200C5E4AA /* ViewController.swift */ = {isa = PBXFileReference; lastKnownFileType = sourcecode.swift; path = ViewController.swift; sourceTree = "<group>"; };
		894C10B32387937200C5E4AA /* Base */ = {isa = PBXFileReference; lastKnownFileType = file.storyboard; name = Base; path = Base.lproj/Main.storyboard; sourceTree = "<group>"; };
		894C10B52387937400C5E4AA /* Assets.xcassets */ = {isa = PBXFileReference; lastKnownFileType = folder.assetcatalog; path = Assets.xcassets; sourceTree = "<group>"; };
		894C10B82387937400C5E4AA /* Base */ = {isa = PBXFileReference; lastKnownFileType = file.storyboard; name = Base; path = Base.lproj/LaunchScreen.storyboard; sourceTree = "<group>"; };
		894C10BA2387937400C5E4AA /* Info.plist */ = {isa = PBXFileReference; lastKnownFileType = text.plist.xml; path = Info.plist; sourceTree = "<group>"; };
		BC55E0A44D529C9F2DAA822C /* Release.xcconfig */ = {isa = PBXFileReference; explicitFileType = text.xcconfig; lastKnownFileType = text.xcconfig; name = Release.xcconfig; path = configs/Release.xcconfig; sourceTree = "<absolute>"; };
		BCBB8ED3EC2E0B6FA599ED4D /* XcodeGenPractice-Release.xcconfig */ = {isa = PBXFileReference; explicitFileType = text.xcconfig; lastKnownFileType = text.xcconfig; name = "XcodeGenPractice-Release.xcconfig"; path = "configs/XcodeGenPractice-Release.xcconfig"; sourceTree = "<absolute>"; };
		C2FBACD71EFC4B824528CF6C /* XcodeGenPractice.xcconfig */ = {isa = PBXFileReference; explicitFileType = text.xcconfig; lastKnownFileType = text.xcconfig; name = XcodeGenPractice.xcconfig; path = configs/XcodeGenPractice.xcconfig; sourceTree = "<absolute>"; };
		DCA7E91D0F2C2734631FC8FD /* XcodeGenPractice-Debug.xcconfig */ = {isa = PBXFileReference; explicitFileType = text.xcconfig; lastKnownFileType = text.xcconfig; name = "XcodeGenPractice-Debug.xcconfig"; path = "configs/XcodeGenPractice-Debug.xcconfig"; sourceTree = "<absolute>"; };
		E14308ED2F7D89BACACA2AD0 /* Debug.xcconfig */ = {isa = PBXFileReference; explicitFileType = text.xcconfig; lastKnownFileType = text.xcconfig; name = Debug.xcconfig; path = configs/Debug.xcconfig; sourceTree = "<absolute>"; };
/* End PBXFileReference section */

/* Begin PBXFrameworksBuildPhase section */
		894C10A62387937200C5E4AA /* Frameworks */ = {
			isa = PBXFrameworksBuildPhase;
			buildActionMask = 2147483647;
			files = (
			);
			runOnlyForDeploymentPostprocessing = 0;
		};
/* End PBXFrameworksBuildPhase section */

/* Begin PBXGroup section */
		6B878957D3DC3827E85880EC /* configs */ = {
			isa = PBXGroup;
			children = (
				E14308ED2F7D89BACACA2AD0 /* Debug.xcconfig */,
				BC55E0A44D529C9F2DAA822C /* Release.xcconfig */,
				BCBB8ED3EC2E0B6FA599ED4D /* XcodeGenPractice-Release.xcconfig */,
				DCA7E91D0F2C2734631FC8FD /* XcodeGenPractice-Debug.xcconfig */,
				C2FBACD71EFC4B824528CF6C /* XcodeGenPractice.xcconfig */,
				10E4F13CA105C235D0947B4B /* Base.xcconfig */,
			);
			name = configs;
			sourceTree = "<group>";
		};
		894C10A02387937200C5E4AA = {
			isa = PBXGroup;
			children = (
				894C10AB2387937200C5E4AA /* XcodeGenPractice */,
				894C10AA2387937200C5E4AA /* Products */,
				6B878957D3DC3827E85880EC /* configs */,
			);
			sourceTree = "<group>";
		};
		894C10AA2387937200C5E4AA /* Products */ = {
			isa = PBXGroup;
			children = (
				894C10A92387937200C5E4AA /* XcodeGenPractice.app */,
			);
			name = Products;
			sourceTree = "<group>";
		};
		894C10AB2387937200C5E4AA /* XcodeGenPractice */ = {
			isa = PBXGroup;
			children = (
				894C10AC2387937200C5E4AA /* AppDelegate.swift */,
				894C10AE2387937200C5E4AA /* SceneDelegate.swift */,
				894C10B02387937200C5E4AA /* ViewController.swift */,
				894C10B22387937200C5E4AA /* Main.storyboard */,
				894C10B52387937400C5E4AA /* Assets.xcassets */,
				894C10B72387937400C5E4AA /* LaunchScreen.storyboard */,
				894C10BA2387937400C5E4AA /* Info.plist */,
			);
			path = XcodeGenPractice;
			sourceTree = "<group>";
		};
/* End PBXGroup section */

/* Begin PBXNativeTarget section */
		894C10A82387937200C5E4AA /* XcodeGenPractice */ = {
			isa = PBXNativeTarget;
			buildConfigurationList = 894C10BD2387937400C5E4AA /* Build configuration list for PBXNativeTarget "XcodeGenPractice" */;
			buildPhases = (
				894C10A52387937200C5E4AA /* Sources */,
				894C10A62387937200C5E4AA /* Frameworks */,
				894C10A72387937200C5E4AA /* Resources */,
			);
			buildRules = (
			);
			dependencies = (
			);
			name = XcodeGenPractice;
			productName = XcodeGenPractice;
			productReference = 894C10A92387937200C5E4AA /* XcodeGenPractice.app */;
			productType = "com.apple.product-type.application";
		};
/* End PBXNativeTarget section */

/* Begin PBXProject section */
		894C10A12387937200C5E4AA /* Project object */ = {
			isa = PBXProject;
			attributes = {
				LastSwiftUpdateCheck = 1120;
				LastUpgradeCheck = 1120;
				ORGANIZATIONNAME = tihimsm;
				TargetAttributes = {
					894C10A82387937200C5E4AA = {
						CreatedOnToolsVersion = 11.2.1;
					};
				};
			};
			buildConfigurationList = 894C10A42387937200C5E4AA /* Build configuration list for PBXProject "XcodeGenPractice" */;
			compatibilityVersion = "Xcode 9.3";
			developmentRegion = en;
			hasScannedForEncodings = 0;
			knownRegions = (
				en,
				Base,
			);
			mainGroup = 894C10A02387937200C5E4AA;
			productRefGroup = 894C10AA2387937200C5E4AA /* Products */;
			projectDirPath = "";
			projectRoot = "";
			targets = (
				894C10A82387937200C5E4AA /* XcodeGenPractice */,
			);
		};
/* End PBXProject section */

/* Begin PBXResourcesBuildPhase section */
		894C10A72387937200C5E4AA /* Resources */ = {
			isa = PBXResourcesBuildPhase;
			buildActionMask = 2147483647;
			files = (
				894C10B92387937400C5E4AA /* LaunchScreen.storyboard in Resources */,
				894C10B62387937400C5E4AA /* Assets.xcassets in Resources */,
				894C10B42387937200C5E4AA /* Main.storyboard in Resources */,
			);
			runOnlyForDeploymentPostprocessing = 0;
		};
/* End PBXResourcesBuildPhase section */

/* Begin PBXSourcesBuildPhase section */
		894C10A52387937200C5E4AA /* Sources */ = {
			isa = PBXSourcesBuildPhase;
			buildActionMask = 2147483647;
			files = (
				894C10B12387937200C5E4AA /* ViewController.swift in Sources */,
				894C10AD2387937200C5E4AA /* AppDelegate.swift in Sources */,
				894C10AF2387937200C5E4AA /* SceneDelegate.swift in Sources */,
			);
			runOnlyForDeploymentPostprocessing = 0;
		};
/* End PBXSourcesBuildPhase section */

/* Begin PBXVariantGroup section */
		894C10B22387937200C5E4AA /* Main.storyboard */ = {
			isa = PBXVariantGroup;
			children = (
				894C10B32387937200C5E4AA /* Base */,
			);
			name = Main.storyboard;
			sourceTree = "<group>";
		};
		894C10B72387937400C5E4AA /* LaunchScreen.storyboard */ = {
			isa = PBXVariantGroup;
			children = (
				894C10B82387937400C5E4AA /* Base */,
			);
			name = LaunchScreen.storyboard;
			sourceTree = "<group>";
		};
/* End PBXVariantGroup section */

/* Begin XCBuildConfiguration section */
		894C10BB2387937400C5E4AA /* Debug */ = {
			isa = XCBuildConfiguration;
			baseConfigurationReference = E14308ED2F7D89BACACA2AD0 /* Debug.xcconfig */;
			buildSettings = {
			};
			name = Debug;
		};
		894C10BC2387937400C5E4AA /* Release */ = {
			isa = XCBuildConfiguration;
			baseConfigurationReference = BC55E0A44D529C9F2DAA822C /* Release.xcconfig */;
			buildSettings = {
			};
			name = Release;
		};
		894C10BE2387937400C5E4AA /* Debug */ = {
			isa = XCBuildConfiguration;
			baseConfigurationReference = DCA7E91D0F2C2734631FC8FD /* XcodeGenPractice-Debug.xcconfig */;
			buildSettings = {
			};
			name = Debug;
		};
		894C10BF2387937400C5E4AA /* Release */ = {
			isa = XCBuildConfiguration;
			baseConfigurationReference = BCBB8ED3EC2E0B6FA599ED4D /* XcodeGenPractice-Release.xcconfig */;
			buildSettings = {
			};
			name = Release;
		};
/* End XCBuildConfiguration section */

/* Begin XCConfigurationList section */
		894C10A42387937200C5E4AA /* Build configuration list for PBXProject "XcodeGenPractice" */ = {
			isa = XCConfigurationList;
			buildConfigurations = (
				894C10BB2387937400C5E4AA /* Debug */,
				894C10BC2387937400C5E4AA /* Release */,
			);
			defaultConfigurationIsVisible = 0;
			defaultConfigurationName = Release;
		};
		894C10BD2387937400C5E4AA /* Build configuration list for PBXNativeTarget "XcodeGenPractice" */ = {
			isa = XCConfigurationList;
			buildConfigurations = (
				894C10BE2387937400C5E4AA /* Debug */,
				894C10BF2387937400C5E4AA /* Release */,
			);
			defaultConfigurationIsVisible = 0;
			defaultConfigurationName = Release;
		};
/* End XCConfigurationList section */
	};
	rootObject = 894C10A12387937200C5E4AA /* Project object */;
}
